
Microsoft Visual Studio Solution File, Format Version 12.00
# Visual Studio Version 16
VisualStudioVersion = 16.0.30621.155
MinimumVisualStudioVersion = 10.0.40219.1
Project("{FAE04EC0-301F-11D3-BF4B-00C04F79EFBC}") = "addressbook-web-tests", "addressbook-web-tests\addressbook-web-tests.csproj", "{A5D0DB6E-FDD2-4C66-9CCD-F81914805019}"
EndProject
Global
	GlobalSection(SolutionConfigurationPlatforms) = preSolution
		Debug|Any CPU = Debug|Any CPU
		Release|Any CPU = Release|Any CPU
	EndGlobalSection
	GlobalSection(ProjectConfigurationPlatforms) = postSolution
		{A5D0DB6E-FDD2-4C66-9CCD-F81914805019}.Debug|Any CPU.ActiveCfg = Debug|Any CPU
		{A5D0DB6E-FDD2-4C66-9CCD-F81914805019}.Debug|Any CPU.Build.0 = Debug|Any CPU
		{A5D0DB6E-FDD2-4C66-9CCD-F81914805019}.Release|Any CPU.ActiveCfg = Release|Any CPU
		{A5D0DB6E-FDD2-4C66-9CCD-F81914805019}.Release|Any CPU.Build.0 = Release|Any CPU
	EndGlobalSection
	GlobalSection(SolutionProperties) = preSolution
		HideSolutionNode = FALSE
	EndGlobalSection
	GlobalSection(ExtensibilityGlobals) = postSolution
		SolutionGuid = {BD093929-E3E9-4879-9829-E313427B5C36}
	EndGlobalSection
EndGlobal
